# This file is automatically @generated by Cargo.
# It is not intended for manual editing.
[[package]]
name = "autocfg"
version = "1.0.1"
source = "registry+https://github.com/rust-lang/crates.io-index"
checksum = "cdb031dd78e28731d87d56cc8ffef4a8f36ca26c38fe2de700543e627f8a464a"

[[package]]
name = "clist"
version = "0.1.1"
dependencies = [
 "memoffset",
]

[[package]]
name = "memoffset"
version = "0.6.1"
source = "git+https://github.com/Gilnaa/memoffset#91114005f0a5f5f20e90203426ab97c0c241cf04"
dependencies = [
 "autocfg",
]
